
Microsoft Visual Studio Solution File, Format Version 12.00
# Visual Studio 15
VisualStudioVersion = 15.0.27130.2003
MinimumVisualStudioVersion = 10.0.40219.1
Project("{FAE04EC0-301F-11D3-BF4B-00C04F79EFBC}") = "DapperTesting", "DapperTesting\DapperTesting.csproj", "{D8A7958A-58A1-4354-ABE0-03FA75B0CD3B}"
EndProject
Project("{00D1A9C2-B5F0-4AF3-8072-F6C62B433612}") = "DbProject", "DbProject\DbProject.sqlproj", "{226CC886-A677-4A42-B73A-537B6CF7402E}"
EndProject
Global
	GlobalSection(SolutionConfigurationPlatforms) = preSolution
		Debug|Any CPU = Debug|Any CPU
		Release|Any CPU = Release|Any CPU
	EndGlobalSection
	GlobalSection(ProjectConfigurationPlatforms) = postSolution
		{D8A7958A-58A1-4354-ABE0-03FA75B0CD3B}.Debug|Any CPU.ActiveCfg = Debug|Any CPU
		{D8A7958A-58A1-4354-ABE0-03FA75B0CD3B}.Debug|Any CPU.Build.0 = Debug|Any CPU
		{D8A7958A-58A1-4354-ABE0-03FA75B0CD3B}.Release|Any CPU.ActiveCfg = Release|Any CPU
		{D8A7958A-58A1-4354-ABE0-03FA75B0CD3B}.Release|Any CPU.Build.0 = Release|Any CPU
		{226CC886-A677-4A42-B73A-537B6CF7402E}.Debug|Any CPU.ActiveCfg = Debug|Any CPU
		{226CC886-A677-4A42-B73A-537B6CF7402E}.Debug|Any CPU.Build.0 = Debug|Any CPU
		{226CC886-A677-4A42-B73A-537B6CF7402E}.Debug|Any CPU.Deploy.0 = Debug|Any CPU
		{226CC886-A677-4A42-B73A-537B6CF7402E}.Release|Any CPU.ActiveCfg = Release|Any CPU
		{226CC886-A677-4A42-B73A-537B6CF7402E}.Release|Any CPU.Build.0 = Release|Any CPU
		{226CC886-A677-4A42-B73A-537B6CF7402E}.Release|Any CPU.Deploy.0 = Release|Any CPU
	EndGlobalSection
	GlobalSection(SolutionProperties) = preSolution
		HideSolutionNode = FALSE
	EndGlobalSection
	GlobalSection(ExtensibilityGlobals) = postSolution
		SolutionGuid = {24B85BA4-E9CA-4C64-BA65-671323F34629}
	EndGlobalSection
EndGlobal
